
Microsoft Visual Studio Solution File, Format Version 12.00
# Visual Studio Version 16
VisualStudioVersion = 16.0.30907.101
MinimumVisualStudioVersion = 10.0.40219.1
Project("{FAE04EC0-301F-11D3-BF4B-00C04F79EFBC}") = "PruebaLucasFelizOriontek", "PruebaLucasFelizOriontek\PruebaLucasFelizOriontek.csproj", "{FDD7884D-9384-4473-A861-CAAF5A4047B7}"
EndProject
Global
	GlobalSection(SolutionConfigurationPlatforms) = preSolution
		Debug|Any CPU = Debug|Any CPU
		Release|Any CPU = Release|Any CPU
	EndGlobalSection
	GlobalSection(ProjectConfigurationPlatforms) = postSolution
		{FDD7884D-9384-4473-A861-CAAF5A4047B7}.Debug|Any CPU.ActiveCfg = Debug|Any CPU
		{FDD7884D-9384-4473-A861-CAAF5A4047B7}.Debug|Any CPU.Build.0 = Debug|Any CPU
		{FDD7884D-9384-4473-A861-CAAF5A4047B7}.Release|Any CPU.ActiveCfg = Release|Any CPU
		{FDD7884D-9384-4473-A861-CAAF5A4047B7}.Release|Any CPU.Build.0 = Release|Any CPU
	EndGlobalSection
	GlobalSection(SolutionProperties) = preSolution
		HideSolutionNode = FALSE
	EndGlobalSection
	GlobalSection(ExtensibilityGlobals) = postSolution
		SolutionGuid = {C7C0731C-890C-44EE-ABA2-AC014130B567}
	EndGlobalSection
EndGlobal
